// !$*UTF8*$!
{
	archiveVersion = 1;
	classes = {
	};
	objectVersion = 46;
	objects = {

/* Begin PBXBuildFile section */
		969E60451A9D81B400F80B8E /* main.cpp in Sources */ = {isa = PBXBuildFile; fileRef = 969E60441A9D81B400F80B8E /* main.cpp */; };
		969E604D1A9D81E900F80B8E /* md5.cpp in Sources */ = {isa = PBXBuildFile; fileRef = 969E604B1A9D81E900F80B8E /* md5.cpp */; };
/* End PBXBuildFile section */

/* Begin PBXCopyFilesBuildPhase section */
		969E603F1A9D81B400F80B8E /* CopyFiles */ = {
			isa = PBXCopyFilesBuildPhase;
			buildActionMask = 2147483647;
			dstPath = /usr/share/man/man1/;
			dstSubfolderSpec = 0;
			files = (
			);
			runOnlyForDeploymentPostprocessing = 1;
		};
/* End PBXCopyFilesBuildPhase section */

/* Begin PBXFileReference section */
		969E60411A9D81B400F80B8E /* ZIPMD5 */ = {isa = PBXFileReference; explicitFileType = "compiled.mach-o.executable"; includeInIndex = 0; path = ZIPMD5; sourceTree = BUILT_PRODUCTS_DIR; };
		969E60441A9D81B400F80B8E /* main.cpp */ = {isa = PBXFileReference; lastKnownFileType = sourcecode.cpp.cpp; path = main.cpp; sourceTree = "<group>"; };
		969E604B1A9D81E900F80B8E /* md5.cpp */ = {isa = PBXFileReference; fileEncoding = 4; lastKnownFileType = sourcecode.cpp.cpp; path = md5.cpp; sourceTree = "<group>"; };
		969E604C1A9D81E900F80B8E /* md5.h */ = {isa = PBXFileReference; fileEncoding = 4; lastKnownFileType = sourcecode.c.h; path = md5.h; sourceTree = "<group>"; };
/* End PBXFileReference section */

/* Begin PBXFrameworksBuildPhase section */
		969E603E1A9D81B400F80B8E /* Frameworks */ = {
			isa = PBXFrameworksBuildPhase;
			buildActionMask = 2147483647;
			files = (
			);
			runOnlyForDeploymentPostprocessing = 0;
		};
/* End PBXFrameworksBuildPhase section */

/* Begin PBXGroup section */
		969E60381A9D81B300F80B8E = {
			isa = PBXGroup;
			children = (
				969E60431A9D81B400F80B8E /* ZIPMD5 */,
				969E60421A9D81B400F80B8E /* Products */,
			);
			sourceTree = "<group>";
		};
		969E60421A9D81B400F80B8E /* Products */ = {
			isa = PBXGroup;
			children = (
				969E60411A9D81B400F80B8E /* ZIPMD5 */,
			);
			name = Products;
			sourceTree = "<group>";
		};
		969E60431A9D81B400F80B8E /* ZIPMD5 */ = {
			isa = PBXGroup;
			children = (
				969E604B1A9D81E900F80B8E /* md5.cpp */,
				969E604C1A9D81E900F80B8E /* md5.h */,
				969E60441A9D81B400F80B8E /* main.cpp */,
			);
			path = ZIPMD5;
			sourceTree = "<group>";
		};
/* End PBXGroup section */

/* Begin PBXNativeTarget section */
		969E60401A9D81B400F80B8E /* ZIPMD5 */ = {
			isa = PBXNativeTarget;
			buildConfigurationList = 969E60481A9D81B400F80B8E /* Build configuration list for PBXNativeTarget "ZIPMD5" */;
			buildPhases = (
				969E603D1A9D81B400F80B8E /* Sources */,
				969E603E1A9D81B400F80B8E /* Frameworks */,
				969E603F1A9D81B400F80B8E /* CopyFiles */,
			);
			buildRules = (
			);
			dependencies = (
			);
			name = ZIPMD5;
			productName = ZIPMD5;
			productReference = 969E60411A9D81B400F80B8E /* ZIPMD5 */;
			productType = "com.apple.product-type.tool";
		};
/* End PBXNativeTarget section */

/* Begin PBXProject section */
		969E60391A9D81B300F80B8E /* Project object */ = {
			isa = PBXProject;
			attributes = {
				LastUpgradeCheck = 0610;
				ORGANIZATIONNAME = pp;
				TargetAttributes = {
					969E60401A9D81B400F80B8E = {
						CreatedOnToolsVersion = 6.1.1;
					};
				};
			};
			buildConfigurationList = 969E603C1A9D81B300F80B8E /* Build configuration list for PBXProject "ZIPMD5" */;
			compatibilityVersion = "Xcode 3.2";
			developmentRegion = English;
			hasScannedForEncodings = 0;
			knownRegions = (
				en,
			);
			mainGroup = 969E60381A9D81B300F80B8E;
			productRefGroup = 969E60421A9D81B400F80B8E /* Products */;
			projectDirPath = "";
			projectRoot = "";
			targets = (
				969E60401A9D81B400F80B8E /* ZIPMD5 */,
			);
		};
/* End PBXProject section */

/* Begin PBXSourcesBuildPhase section */
		969E603D1A9D81B400F80B8E /* Sources */ = {
			isa = PBXSourcesBuildPhase;
			buildActionMask = 2147483647;
			files = (
				969E604D1A9D81E900F80B8E /* md5.cpp in Sources */,
				969E60451A9D81B400F80B8E /* main.cpp in Sources */,
			);
			runOnlyForDeploymentPostprocessing = 0;
		};
/* End PBXSourcesBuildPhase section */

/* Begin XCBuildConfiguration section */
		969E60461A9D81B400F80B8E /* Debug */ = {
			isa = XCBuildConfiguration;
			buildSettings = {
				ALWAYS_SEARCH_USER_PATHS = NO;
				CLANG_CXX_LANGUAGE_STANDARD = "gnu++0x";
				CLANG_CXX_LIBRARY = "libc++";
				CLANG_ENABLE_MODULES = YES;
				CLANG_ENABLE_OBJC_ARC = YES;
				CLANG_WARN_BOOL_CONVERSION = YES;
				CLANG_WARN_CONSTANT_CONVERSION = YES;
				CLANG_WARN_DIRECT_OBJC_ISA_USAGE = YES_ERROR;
				CLANG_WARN_EMPTY_BODY = YES;
				CLANG_WARN_ENUM_CONVERSION = YES;
				CLANG_WARN_INT_CONVERSION = YES;
				CLANG_WARN_OBJC_ROOT_CLASS = YES_ERROR;
				CLANG_WARN_UNREACHABLE_CODE = YES;
				CLANG_WARN__DUPLICATE_METHOD_MATCH = YES;
				COPY_PHASE_STRIP = NO;
				ENABLE_STRICT_OBJC_MSGSEND = YES;
				GCC_C_LANGUAGE_STANDARD = gnu99;
				GCC_DYNAMIC_NO_PIC = NO;
				GCC_OPTIMIZATION_LEVEL = 0;
				GCC_PREPROCESSOR_DEFINITIONS = (
					"DEBUG=1",
					"$(inherited)",
				);
				GCC_SYMBOLS_PRIVATE_EXTERN = NO;
				GCC_WARN_64_TO_32_BIT_CONVERSION = YES;
				GCC_WARN_ABOUT_RETURN_TYPE = YES_ERROR;
				GCC_WARN_UNDECLARED_SELECTOR = YES;
				GCC_WARN_UNINITIALIZED_AUTOS = YES_AGGRESSIVE;
				GCC_WARN_UNUSED_FUNCTION = YES;
				GCC_WARN_UNUSED_VARIABLE = YES;
				MACOSX_DEPLOYMENT_TARGET = 10.10;
				MTL_ENABLE_DEBUG_INFO = YES;
				ONLY_ACTIVE_ARCH = YES;
				SDKROOT = macosx;
			};
			name = Debug;
		};
		969E60471A9D81B400F80B8E /* Release */ = {
			isa = XCBuildConfiguration;
			buildSettings = {
				ALWAYS_SEARCH_USER_PATHS = NO;
				CLANG_CXX_LANGUAGE_STANDARD = "gnu++0x";
				CLANG_CXX_LIBRARY = "libc++";
				CLANG_ENABLE_MODULES = YES;
				CLANG_ENABLE_OBJC_ARC = YES;
				CLANG_WARN_BOOL_CONVERSION = YES;
				CLANG_WARN_CONSTANT_CONVERSION = YES;
				CLANG_WARN_DIRECT_OBJC_ISA_USAGE = YES_ERROR;
				CLANG_WARN_EMPTY_BODY = YES;
				CLANG_WARN_ENUM_CONVERSION = YES;
				CLANG_WARN_INT_CONVERSION = YES;
				CLANG_WARN_OBJC_ROOT_CLASS = YES_ERROR;
				CLANG_WARN_UNREACHABLE_CODE = YES;
				CLANG_WARN__DUPLICATE_METHOD_MATCH = YES;
				COPY_PHASE_STRIP = YES;
				DEBUG_INFORMATION_FORMAT = "dwarf-with-dsym";
				ENABLE_NS_ASSERTIONS = NO;
				ENABLE_STRICT_OBJC_MSGSEND = YES;
				GCC_C_LANGUAGE_STANDARD = gnu99;
				GCC_WARN_64_TO_32_BIT_CONVERSION = YES;
				GCC_WARN_ABOUT_RETURN_TYPE = YES_ERROR;
				GCC_WARN_UNDECLARED_SELECTOR = YES;
				GCC_WARN_UNINITIALIZED_AUTOS = YES_AGGRESSIVE;
				GCC_WARN_UNUSED_FUNCTION = YES;
				GCC_WARN_UNUSED_VARIABLE = YES;
				MACOSX_DEPLOYMENT_TARGET = 10.10;
				MTL_ENABLE_DEBUG_INFO = NO;
				SDKROOT = macosx;
			};
			name = Release;
		};
		969E60491A9D81B400F80B8E /* Debug */ = {
			isa = XCBuildConfiguration;
			buildSettings = {
				PRODUCT_NAME = "$(TARGET_NAME)";
			};
			name = Debug;
		};
		969E604A1A9D81B400F80B8E /* Release */ = {
			isa = XCBuildConfiguration;
			buildSettings = {
				PRODUCT_NAME = "$(TARGET_NAME)";
			};
			name = Release;
		};
/* End XCBuildConfiguration section */

/* Begin XCConfigurationList section */
		969E603C1A9D81B300F80B8E /* Build configuration list for PBXProject "ZIPMD5" */ = {
			isa = XCConfigurationList;
			buildConfigurations = (
				969E60461A9D81B400F80B8E /* Debug */,
				969E60471A9D81B400F80B8E /* Release */,
			);
			defaultConfigurationIsVisible = 0;
			defaultConfigurationName = Release;
		};
		969E60481A9D81B400F80B8E /* Build configuration list for PBXNativeTarget "ZIPMD5" */ = {
			isa = XCConfigurationList;
			buildConfigurations = (
				969E60491A9D81B400F80B8E /* Debug */,
				969E604A1A9D81B400F80B8E /* Release */,
			);
			defaultConfigurationIsVisible = 0;
			defaultConfigurationName = Release;
		};
/* End XCConfigurationList section */
	};
	rootObject = 969E60391A9D81B300F80B8E /* Project object */;
}
